// !$*UTF8*$!
{
	archiveVersion = 1;
	classes = {
	};
	objectVersion = 55;
	objects = {

/* Begin PBXBuildFile section */
		56AB15F42A9D2110004B6331 /* FileProgressViewApp.swift in Sources */ = {isa = PBXBuildFile; fileRef = 56AB15E42A9D210E004B6331 /* FileProgressViewApp.swift */; };
		56AB15F52A9D2110004B6331 /* FileProgressViewApp.swift in Sources */ = {isa = PBXBuildFile; fileRef = 56AB15E42A9D210E004B6331 /* FileProgressViewApp.swift */; };
		56AB15F62A9D2110004B6331 /* ContentView.swift in Sources */ = {isa = PBXBuildFile; fileRef = 56AB15E52A9D210E004B6331 /* ContentView.swift */; };
		56AB15F72A9D2110004B6331 /* ContentView.swift in Sources */ = {isa = PBXBuildFile; fileRef = 56AB15E52A9D210E004B6331 /* ContentView.swift */; };
		56AB15F82A9D2110004B6331 /* Assets.xcassets in Resources */ = {isa = PBXBuildFile; fileRef = 56AB15E62A9D2110004B6331 /* Assets.xcassets */; };
		56AB15F92A9D2110004B6331 /* Assets.xcassets in Resources */ = {isa = PBXBuildFile; fileRef = 56AB15E62A9D2110004B6331 /* Assets.xcassets */; };
		56AB16042A9D213D004B6331 /* Home.swift in Sources */ = {isa = PBXBuildFile; fileRef = 56AB16032A9D213D004B6331 /* Home.swift */; };
		56AB16072A9D265D004B6331 /* ProgressConfig.swift in Sources */ = {isa = PBXBuildFile; fileRef = 56AB16062A9D265D004B6331 /* ProgressConfig.swift */; };
/* End PBXBuildFile section */

/* Begin PBXFileReference section */
		56AB15E42A9D210E004B6331 /* FileProgressViewApp.swift */ = {isa = PBXFileReference; lastKnownFileType = sourcecode.swift; path = FileProgressViewApp.swift; sourceTree = "<group>"; };
		56AB15E52A9D210E004B6331 /* ContentView.swift */ = {isa = PBXFileReference; lastKnownFileType = sourcecode.swift; path = ContentView.swift; sourceTree = "<group>"; };
		56AB15E62A9D2110004B6331 /* Assets.xcassets */ = {isa = PBXFileReference; lastKnownFileType = folder.assetcatalog; path = Assets.xcassets; sourceTree = "<group>"; };
		56AB15EB2A9D2110004B6331 /* FileProgressView.app */ = {isa = PBXFileReference; explicitFileType = wrapper.application; includeInIndex = 0; path = FileProgressView.app; sourceTree = BUILT_PRODUCTS_DIR; };
		56AB15F12A9D2110004B6331 /* FileProgressView.app */ = {isa = PBXFileReference; explicitFileType = wrapper.application; includeInIndex = 0; path = FileProgressView.app; sourceTree = BUILT_PRODUCTS_DIR; };
		56AB15F32A9D2110004B6331 /* macOS.entitlements */ = {isa = PBXFileReference; lastKnownFileType = text.plist.entitlements; path = macOS.entitlements; sourceTree = "<group>"; };
		56AB16032A9D213D004B6331 /* Home.swift */ = {isa = PBXFileReference; lastKnownFileType = sourcecode.swift; path = Home.swift; sourceTree = "<group>"; };
		56AB16062A9D265D004B6331 /* ProgressConfig.swift */ = {isa = PBXFileReference; lastKnownFileType = sourcecode.swift; path = ProgressConfig.swift; sourceTree = "<group>"; };
/* End PBXFileReference section */

/* Begin PBXFrameworksBuildPhase section */
		56AB15E82A9D2110004B6331 /* Frameworks */ = {
			isa = PBXFrameworksBuildPhase;
			buildActionMask = 2147483647;
			files = (
			);
			runOnlyForDeploymentPostprocessing = 0;
		};
		56AB15EE2A9D2110004B6331 /* Frameworks */ = {
			isa = PBXFrameworksBuildPhase;
			buildActionMask = 2147483647;
			files = (
			);
			runOnlyForDeploymentPostprocessing = 0;
		};
/* End PBXFrameworksBuildPhase section */

/* Begin PBXGroup section */
		56AB15DE2A9D210D004B6331 = {
			isa = PBXGroup;
			children = (
				56AB15E32A9D210E004B6331 /* Shared */,
				56AB15F22A9D2110004B6331 /* macOS */,
				56AB15EC2A9D2110004B6331 /* Products */,
			);
			sourceTree = "<group>";
		};
		56AB15E32A9D210E004B6331 /* Shared */ = {
			isa = PBXGroup;
			children = (
				56AB16052A9D2652004B6331 /* Model */,
				56AB16022A9D2132004B6331 /* Views */,
				56AB15E42A9D210E004B6331 /* FileProgressViewApp.swift */,
				56AB15E52A9D210E004B6331 /* ContentView.swift */,
				56AB15E62A9D2110004B6331 /* Assets.xcassets */,
			);
			path = Shared;
			sourceTree = "<group>";
		};
		56AB15EC2A9D2110004B6331 /* Products */ = {
			isa = PBXGroup;
			children = (
				56AB15EB2A9D2110004B6331 /* FileProgressView.app */,
				56AB15F12A9D2110004B6331 /* FileProgressView.app */,
			);
			name = Products;
			sourceTree = "<group>";
		};
		56AB15F22A9D2110004B6331 /* macOS */ = {
			isa = PBXGroup;
			children = (
				56AB15F32A9D2110004B6331 /* macOS.entitlements */,
			);
			path = macOS;
			sourceTree = "<group>";
		};
		56AB16022A9D2132004B6331 /* Views */ = {
			isa = PBXGroup;
			children = (
				56AB16032A9D213D004B6331 /* Home.swift */,
			);
			path = Views;
			sourceTree = "<group>";
		};
		56AB16052A9D2652004B6331 /* Model */ = {
			isa = PBXGroup;
			children = (
				56AB16062A9D265D004B6331 /* ProgressConfig.swift */,
			);
			path = Model;
			sourceTree = "<group>";
		};
/* End PBXGroup section */

/* Begin PBXNativeTarget section */
		56AB15EA2A9D2110004B6331 /* FileProgressView (iOS) */ = {
			isa = PBXNativeTarget;
			buildConfigurationList = 56AB15FC2A9D2110004B6331 /* Build configuration list for PBXNativeTarget "FileProgressView (iOS)" */;
			buildPhases = (
				56AB15E72A9D2110004B6331 /* Sources */,
				56AB15E82A9D2110004B6331 /* Frameworks */,
				56AB15E92A9D2110004B6331 /* Resources */,
			);
			buildRules = (
			);
			dependencies = (
			);
			name = "FileProgressView (iOS)";
			productName = "FileProgressView (iOS)";
			productReference = 56AB15EB2A9D2110004B6331 /* FileProgressView.app */;
			productType = "com.apple.product-type.application";
		};
		56AB15F02A9D2110004B6331 /* FileProgressView (macOS) */ = {
			isa = PBXNativeTarget;
			buildConfigurationList = 56AB15FF2A9D2110004B6331 /* Build configuration list for PBXNativeTarget "FileProgressView (macOS)" */;
			buildPhases = (
				56AB15ED2A9D2110004B6331 /* Sources */,
				56AB15EE2A9D2110004B6331 /* Frameworks */,
				56AB15EF2A9D2110004B6331 /* Resources */,
			);
			buildRules = (
			);
			dependencies = (
			);
			name = "FileProgressView (macOS)";
			productName = "FileProgressView (macOS)";
			productReference = 56AB15F12A9D2110004B6331 /* FileProgressView.app */;
			productType = "com.apple.product-type.application";
		};
/* End PBXNativeTarget section */

/* Begin PBXProject section */
		56AB15DF2A9D210D004B6331 /* Project object */ = {
			isa = PBXProject;
			attributes = {
				BuildIndependentTargetsInParallel = 1;
				LastSwiftUpdateCheck = 1340;
				LastUpgradeCheck = 1340;
				TargetAttributes = {
					56AB15EA2A9D2110004B6331 = {
						CreatedOnToolsVersion = 13.4.1;
					};
					56AB15F02A9D2110004B6331 = {
						CreatedOnToolsVersion = 13.4.1;
					};
				};
			};
			buildConfigurationList = 56AB15E22A9D210D004B6331 /* Build configuration list for PBXProject "FileProgressView" */;
			compatibilityVersion = "Xcode 13.0";
			developmentRegion = en;
			hasScannedForEncodings = 0;
			knownRegions = (
				en,
				Base,
			);
			mainGroup = 56AB15DE2A9D210D004B6331;
			productRefGroup = 56AB15EC2A9D2110004B6331 /* Products */;
			projectDirPath = "";
			projectRoot = "";
			targets = (
				56AB15EA2A9D2110004B6331 /* FileProgressView (iOS) */,
				56AB15F02A9D2110004B6331 /* FileProgressView (macOS) */,
			);
		};
/* End PBXProject section */

/* Begin PBXResourcesBuildPhase section */
		56AB15E92A9D2110004B6331 /* Resources */ = {
			isa = PBXResourcesBuildPhase;
			buildActionMask = 2147483647;
			files = (
				56AB15F82A9D2110004B6331 /* Assets.xcassets in Resources */,
			);
			runOnlyForDeploymentPostprocessing = 0;
		};
		56AB15EF2A9D2110004B6331 /* Resources */ = {
			isa = PBXResourcesBuildPhase;
			buildActionMask = 2147483647;
			files = (
				56AB15F92A9D2110004B6331 /* Assets.xcassets in Resources */,
			);
			runOnlyForDeploymentPostprocessing = 0;
		};
/* End PBXResourcesBuildPhase section */

/* Begin PBXSourcesBuildPhase section */
		56AB15E72A9D2110004B6331 /* Sources */ = {
			isa = PBXSourcesBuildPhase;
			buildActionMask = 2147483647;
			files = (
				56AB15F62A9D2110004B6331 /* ContentView.swift in Sources */,
				56AB16042A9D213D004B6331 /* Home.swift in Sources */,
				56AB16072A9D265D004B6331 /* ProgressConfig.swift in Sources */,
				56AB15F42A9D2110004B6331 /* FileProgressViewApp.swift in Sources */,
			);
			runOnlyForDeploymentPostprocessing = 0;
		};
		56AB15ED2A9D2110004B6331 /* Sources */ = {
			isa = PBXSourcesBuildPhase;
			buildActionMask = 2147483647;
			files = (
				56AB15F72A9D2110004B6331 /* ContentView.swift in Sources */,
				56AB15F52A9D2110004B6331 /* FileProgressViewApp.swift in Sources */,
			);
			runOnlyForDeploymentPostprocessing = 0;
		};
/* End PBXSourcesBuildPhase section */

/* Begin XCBuildConfiguration section */
		56AB15FA2A9D2110004B6331 /* Debug */ = {
			isa = XCBuildConfiguration;
			buildSettings = {
				ALWAYS_SEARCH_USER_PATHS = NO;
				CLANG_ANALYZER_NONNULL = YES;
				CLANG_ANALYZER_NUMBER_OBJECT_CONVERSION = YES_AGGRESSIVE;
				CLANG_CXX_LANGUAGE_STANDARD = "gnu++17";
				CLANG_ENABLE_MODULES = YES;
				CLANG_ENABLE_OBJC_ARC = YES;
				CLANG_ENABLE_OBJC_WEAK = YES;
				CLANG_WARN_BLOCK_CAPTURE_AUTORELEASING = YES;
				CLANG_WARN_BOOL_CONVERSION = YES;
				CLANG_WARN_COMMA = YES;
				CLANG_WARN_CONSTANT_CONVERSION = YES;
				CLANG_WARN_DEPRECATED_OBJC_IMPLEMENTATIONS = YES;
				CLANG_WARN_DIRECT_OBJC_ISA_USAGE = YES_ERROR;
				CLANG_WARN_DOCUMENTATION_COMMENTS = YES;
				CLANG_WARN_EMPTY_BODY = YES;
				CLANG_WARN_ENUM_CONVERSION = YES;
				CLANG_WARN_INFINITE_RECURSION = YES;
				CLANG_WARN_INT_CONVERSION = YES;
				CLANG_WARN_NON_LITERAL_NULL_CONVERSION = YES;
				CLANG_WARN_OBJC_IMPLICIT_RETAIN_SELF = YES;
				CLANG_WARN_OBJC_LITERAL_CONVERSION = YES;
				CLANG_WARN_OBJC_ROOT_CLASS = YES_ERROR;
				CLANG_WARN_QUOTED_INCLUDE_IN_FRAMEWORK_HEADER = YES;
				CLANG_WARN_RANGE_LOOP_ANALYSIS = YES;
				CLANG_WARN_STRICT_PROTOTYPES = YES;
				CLANG_WARN_SUSPICIOUS_MOVE = YES;
				CLANG_WARN_UNGUARDED_AVAILABILITY = YES_AGGRESSIVE;
				CLANG_WARN_UNREACHABLE_CODE = YES;
				CLANG_WARN__DUPLICATE_METHOD_MATCH = YES;
				COPY_PHASE_STRIP = NO;
				DEBUG_INFORMATION_FORMAT = dwarf;
				ENABLE_STRICT_OBJC_MSGSEND = YES;
				ENABLE_TESTABILITY = YES;
				GCC_C_LANGUAGE_STANDARD = gnu11;
				GCC_DYNAMIC_NO_PIC = NO;
				GCC_NO_COMMON_BLOCKS = YES;
				GCC_OPTIMIZATION_LEVEL = 0;
				GCC_PREPROCESSOR_DEFINITIONS = (
					"DEBUG=1",
					"$(inherited)",
				);
				GCC_WARN_64_TO_32_BIT_CONVERSION = YES;
				GCC_WARN_ABOUT_RETURN_TYPE = YES_ERROR;
				GCC_WARN_UNDECLARED_SELECTOR = YES;
				GCC_WARN_UNINITIALIZED_AUTOS = YES_AGGRESSIVE;
				GCC_WARN_UNUSED_FUNCTION = YES;
				GCC_WARN_UNUSED_VARIABLE = YES;
				MTL_ENABLE_DEBUG_INFO = INCLUDE_SOURCE;
				MTL_FAST_MATH = YES;
				ONLY_ACTIVE_ARCH = YES;
				SWIFT_ACTIVE_COMPILATION_CONDITIONS = DEBUG;
				SWIFT_OPTIMIZATION_LEVEL = "-Onone";
			};
			name = Debug;
		};
		56AB15FB2A9D2110004B6331 /* Release */ = {
			isa = XCBuildConfiguration;
			buildSettings = {
				ALWAYS_SEARCH_USER_PATHS = NO;
				CLANG_ANALYZER_NONNULL = YES;
				CLANG_ANALYZER_NUMBER_OBJECT_CONVERSION = YES_AGGRESSIVE;
				CLANG_CXX_LANGUAGE_STANDARD = "gnu++17";
				CLANG_ENABLE_MODULES = YES;
				CLANG_ENABLE_OBJC_ARC = YES;
				CLANG_ENABLE_OBJC_WEAK = YES;
				CLANG_WARN_BLOCK_CAPTURE_AUTORELEASING = YES;
				CLANG_WARN_BOOL_CONVERSION = YES;
				CLANG_WARN_COMMA = YES;
				CLANG_WARN_CONSTANT_CONVERSION = YES;
				CLANG_WARN_DEPRECATED_OBJC_IMPLEMENTATIONS = YES;
				CLANG_WARN_DIRECT_OBJC_ISA_USAGE = YES_ERROR;
				CLANG_WARN_DOCUMENTATION_COMMENTS = YES;
				CLANG_WARN_EMPTY_BODY = YES;
				CLANG_WARN_ENUM_CONVERSION = YES;
				CLANG_WARN_INFINITE_RECURSION = YES;
				CLANG_WARN_INT_CONVERSION = YES;
				CLANG_WARN_NON_LITERAL_NULL_CONVERSION = YES;
				CLANG_WARN_OBJC_IMPLICIT_RETAIN_SELF = YES;
				CLANG_WARN_OBJC_LITERAL_CONVERSION = YES;
				CLANG_WARN_OBJC_ROOT_CLASS = YES_ERROR;
				CLANG_WARN_QUOTED_INCLUDE_IN_FRAMEWORK_HEADER = YES;
				CLANG_WARN_RANGE_LOOP_ANALYSIS = YES;
				CLANG_WARN_STRICT_PROTOTYPES = YES;
				CLANG_WARN_SUSPICIOUS_MOVE = YES;
				CLANG_WARN_UNGUARDED_AVAILABILITY = YES_AGGRESSIVE;
				CLANG_WARN_UNREACHABLE_CODE = YES;
				CLANG_WARN__DUPLICATE_METHOD_MATCH = YES;
				COPY_PHASE_STRIP = NO;
				DEBUG_INFORMATION_FORMAT = "dwarf-with-dsym";
				ENABLE_NS_ASSERTIONS = NO;
				ENABLE_STRICT_OBJC_MSGSEND = YES;
				GCC_C_LANGUAGE_STANDARD = gnu11;
				GCC_NO_COMMON_BLOCKS = YES;
				GCC_WARN_64_TO_32_BIT_CONVERSION = YES;
				GCC_WARN_ABOUT_RETURN_TYPE = YES_ERROR;
				GCC_WARN_UNDECLARED_SELECTOR = YES;
				GCC_WARN_UNINITIALIZED_AUTOS = YES_AGGRESSIVE;
				GCC_WARN_UNUSED_FUNCTION = YES;
				GCC_WARN_UNUSED_VARIABLE = YES;
				MTL_ENABLE_DEBUG_INFO = NO;
				MTL_FAST_MATH = YES;
				SWIFT_COMPILATION_MODE = wholemodule;
				SWIFT_OPTIMIZATION_LEVEL = "-O";
			};
			name = Release;
		};
		56AB15FD2A9D2110004B6331 /* Debug */ = {
			isa = XCBuildConfiguration;
			buildSettings = {
				ASSETCATALOG_COMPILER_APPICON_NAME = AppIcon;
				ASSETCATALOG_COMPILER_GLOBAL_ACCENT_COLOR_NAME = AccentColor;
				CODE_SIGN_STYLE = Automatic;
				CURRENT_PROJECT_VERSION = 1;
				ENABLE_PREVIEWS = YES;
				GENERATE_INFOPLIST_FILE = YES;
				INFOPLIST_KEY_UIApplicationSceneManifest_Generation = YES;
				INFOPLIST_KEY_UIApplicationSupportsIndirectInputEvents = YES;
				INFOPLIST_KEY_UILaunchScreen_Generation = YES;
				INFOPLIST_KEY_UISupportedInterfaceOrientations_iPad = "UIInterfaceOrientationPortrait UIInterfaceOrientationPortraitUpsideDown UIInterfaceOrientationLandscapeLeft UIInterfaceOrientationLandscapeRight";
				INFOPLIST_KEY_UISupportedInterfaceOrientations_iPhone = "UIInterfaceOrientationPortrait UIInterfaceOrientationLandscapeLeft UIInterfaceOrientationLandscapeRight";
				IPHONEOS_DEPLOYMENT_TARGET = 16.0;
				LD_RUNPATH_SEARCH_PATHS = (
					"$(inherited)",
					"@executable_path/Frameworks",
				);
				MARKETING_VERSION = 1.0;
				PRODUCT_BUNDLE_IDENTIFIER = com.swami.FileProgressView;
				PRODUCT_NAME = FileProgressView;
				SDKROOT = iphoneos;
				SWIFT_EMIT_LOC_STRINGS = YES;
				SWIFT_VERSION = 5.0;
				TARGETED_DEVICE_FAMILY = "1,2";
			};
			name = Debug;
		};
		56AB15FE2A9D2110004B6331 /* Release */ = {
			isa = XCBuildConfiguration;
			buildSettings = {
				ASSETCATALOG_COMPILER_APPICON_NAME = AppIcon;
				ASSETCATALOG_COMPILER_GLOBAL_ACCENT_COLOR_NAME = AccentColor;
				CODE_SIGN_STYLE = Automatic;
				CURRENT_PROJECT_VERSION = 1;
				ENABLE_PREVIEWS = YES;
				GENERATE_INFOPLIST_FILE = YES;
				INFOPLIST_KEY_UIApplicationSceneManifest_Generation = YES;
				INFOPLIST_KEY_UIApplicationSupportsIndirectInputEvents = YES;
				INFOPLIST_KEY_UILaunchScreen_Generation = YES;
				INFOPLIST_KEY_UISupportedInterfaceOrientations_iPad = "UIInterfaceOrientationPortrait UIInterfaceOrientationPortraitUpsideDown UIInterfaceOrientationLandscapeLeft UIInterfaceOrientationLandscapeRight";
				INFOPLIST_KEY_UISupportedInterfaceOrientations_iPhone = "UIInterfaceOrientationPortrait UIInterfaceOrientationLandscapeLeft UIInterfaceOrientationLandscapeRight";
				IPHONEOS_DEPLOYMENT_TARGET = 16.0;
				LD_RUNPATH_SEARCH_PATHS = (
					"$(inherited)",
					"@executable_path/Frameworks",
				);
				MARKETING_VERSION = 1.0;
				PRODUCT_BUNDLE_IDENTIFIER = com.swami.FileProgressView;
				PRODUCT_NAME = FileProgressView;
				SDKROOT = iphoneos;
				SWIFT_EMIT_LOC_STRINGS = YES;
				SWIFT_VERSION = 5.0;
				TARGETED_DEVICE_FAMILY = "1,2";
				VALIDATE_PRODUCT = YES;
			};
			name = Release;
		};
		56AB16002A9D2110004B6331 /* Debug */ = {
			isa = XCBuildConfiguration;
			buildSettings = {
				ASSETCATALOG_COMPILER_APPICON_NAME = AppIcon;
				ASSETCATALOG_COMPILER_GLOBAL_ACCENT_COLOR_NAME = AccentColor;
				CODE_SIGN_ENTITLEMENTS = macOS/macOS.entitlements;
				CODE_SIGN_STYLE = Automatic;
				COMBINE_HIDPI_IMAGES = YES;
				CURRENT_PROJECT_VERSION = 1;
				ENABLE_PREVIEWS = YES;
				GENERATE_INFOPLIST_FILE = YES;
				INFOPLIST_KEY_NSHumanReadableCopyright = "";
				LD_RUNPATH_SEARCH_PATHS = (
					"$(inherited)",
					"@executable_path/../Frameworks",
				);
				MACOSX_DEPLOYMENT_TARGET = 12.3;
				MARKETING_VERSION = 1.0;
				PRODUCT_BUNDLE_IDENTIFIER = com.swami.FileProgressView;
				PRODUCT_NAME = FileProgressView;
				SDKROOT = macosx;
				SWIFT_EMIT_LOC_STRINGS = YES;
				SWIFT_VERSION = 5.0;
			};
			name = Debug;
		};
		56AB16012A9D2110004B6331 /* Release */ = {
			isa = XCBuildConfiguration;
			buildSettings = {
				ASSETCATALOG_COMPILER_APPICON_NAME = AppIcon;
				ASSETCATALOG_COMPILER_GLOBAL_ACCENT_COLOR_NAME = AccentColor;
				CODE_SIGN_ENTITLEMENTS = macOS/macOS.entitlements;
				CODE_SIGN_STYLE = Automatic;
				COMBINE_HIDPI_IMAGES = YES;
				CURRENT_PROJECT_VERSION = 1;
				ENABLE_PREVIEWS = YES;
				GENERATE_INFOPLIST_FILE = YES;
				INFOPLIST_KEY_NSHumanReadableCopyright = "";
				LD_RUNPATH_SEARCH_PATHS = (
					"$(inherited)",
					"@executable_path/../Frameworks",
				);
				MACOSX_DEPLOYMENT_TARGET = 12.3;
				MARKETING_VERSION = 1.0;
				PRODUCT_BUNDLE_IDENTIFIER = com.swami.FileProgressView;
				PRODUCT_NAME = FileProgressView;
				SDKROOT = macosx;
				SWIFT_EMIT_LOC_STRINGS = YES;
				SWIFT_VERSION = 5.0;
			};
			name = Release;
		};
/* End XCBuildConfiguration section */

/* Begin XCConfigurationList section */
		56AB15E22A9D210D004B6331 /* Build configuration list for PBXProject "FileProgressView" */ = {
			isa = XCConfigurationList;
			buildConfigurations = (
				56AB15FA2A9D2110004B6331 /* Debug */,
				56AB15FB2A9D2110004B6331 /* Release */,
			);
			defaultConfigurationIsVisible = 0;
			defaultConfigurationName = Release;
		};
		56AB15FC2A9D2110004B6331 /* Build configuration list for PBXNativeTarget "FileProgressView (iOS)" */ = {
			isa = XCConfigurationList;
			buildConfigurations = (
				56AB15FD2A9D2110004B6331 /* Debug */,
				56AB15FE2A9D2110004B6331 /* Release */,
			);
			defaultConfigurationIsVisible = 0;
			defaultConfigurationName = Release;
		};
		56AB15FF2A9D2110004B6331 /* Build configuration list for PBXNativeTarget "FileProgressView (macOS)" */ = {
			isa = XCConfigurationList;
			buildConfigurations = (
				56AB16002A9D2110004B6331 /* Debug */,
				56AB16012A9D2110004B6331 /* Release */,
			);
			defaultConfigurationIsVisible = 0;
			defaultConfigurationName = Release;
		};
/* End XCConfigurationList section */
	};
	rootObject = 56AB15DF2A9D210D004B6331 /* Project object */;
}
